Microsoft Visual Studio Solution File, Format Version 12.00
# Visual Studio Version 17
VisualStudioVersion = 17.5.2.0
MinimumVisualStudioVersion = 10.0.40219.1
Project("{FAE04EC0-301F-11D3-BF4B-00C04F79EFBC}") = "ViperKit.App", "ViperKit.App\ViperKit.App.csproj", "{19C42150-E3FD-3A69-F4D5-3C29BAEF4D4E}"
EndProject
Global
	GlobalSection(SolutionConfigurationPlatforms) = preSolution
		Debug|Any CPU = Debug|Any CPU
		Release|Any CPU = Release|Any CPU
	EndGlobalSection
	GlobalSection(ProjectConfigurationPlatforms) = postSolution
		{19C42150-E3FD-3A69-F4D5-3C29BAEF4D4E}.Debug|Any CPU.ActiveCfg = Debug|Any CPU
		{19C42150-E3FD-3A69-F4D5-3C29BAEF4D4E}.Debug|Any CPU.Build.0 = Debug|Any CPU
		{19C42150-E3FD-3A69-F4D5-3C29BAEF4D4E}.Release|Any CPU.ActiveCfg = Release|Any CPU
		{19C42150-E3FD-3A69-F4D5-3C29BAEF4D4E}.Release|Any CPU.Build.0 = Release|Any CPU
	EndGlobalSection
	GlobalSection(SolutionProperties) = preSolution
		HideSolutionNode = FALSE
	EndGlobalSection
	GlobalSection(ExtensibilityGlobals) = postSolution
		SolutionGuid = {D6D85F62-76B8-4BA3-B00A-4DB810CDD6F9}
	EndGlobalSection
EndGlobal
